<Solution>
  <Project Path="ex01/ex01.csproj" />
  <Project Path="ex02/ex02.csproj" />
  <Project Path="ex04/ex04.csproj" />
  <Project Path="ex06/ex06.csproj" />
  <Project Path="ex07/ex07.csproj" />
  <Project Path="ex08/ex08.csproj" />
  <Project Path="ex09/ex09.csproj" />
  <Project Path="ex10/ex10.csproj" />
  <Project Path="ex11/ex11.csproj" />
  <Project Path="ex12/ex12.csproj" />
  <Project Path="exercicio03/exercicio03.csproj" />
</Solution>
